
Microsoft Visual Studio Solution File, Format Version 12.00
# Visual Studio 15
Project("{FAE04EC0-301F-11D3-BF4B-00C04F79EFBC}") = "CodeMonkeyFree", "CodeMonkeyFree.csproj", "{6C4C0174-A2EF-6BBF-CF1D-9C56784DC8B0}"
EndProject
Project("{FAE04EC0-301F-11D3-BF4B-00C04F79EFBC}") = "Assembly-CSharp", "Assembly-CSharp.csproj", "{0BAFF0A5-09D9-BF27-387A-EEC6FD9A2C2F}"
EndProject
Project("{FAE04EC0-301F-11D3-BF4B-00C04F79EFBC}") = "Assembly-CSharp-Editor", "Assembly-CSharp-Editor.csproj", "{2902B2A0-49CE-B8EA-54D0-CBEA0D73CB4F}"
EndProject
Global
	GlobalSection(SolutionConfigurationPlatforms) = preSolution
		Debug|Any CPU = Debug|Any CPU
		Release|Any CPU = Release|Any CPU
	EndGlobalSection
	GlobalSection(ProjectConfigurationPlatforms) = postSolution
		{6C4C0174-A2EF-6BBF-CF1D-9C56784DC8B0}.Debug|Any CPU.ActiveCfg = Debug|Any CPU
		{6C4C0174-A2EF-6BBF-CF1D-9C56784DC8B0}.Debug|Any CPU.Build.0 = Debug|Any CPU
		{6C4C0174-A2EF-6BBF-CF1D-9C56784DC8B0}.Release|Any CPU.ActiveCfg = Release|Any CPU
		{6C4C0174-A2EF-6BBF-CF1D-9C56784DC8B0}.Release|Any CPU.Build.0 = Release|Any CPU
		{0BAFF0A5-09D9-BF27-387A-EEC6FD9A2C2F}.Debug|Any CPU.ActiveCfg = Debug|Any CPU
		{0BAFF0A5-09D9-BF27-387A-EEC6FD9A2C2F}.Debug|Any CPU.Build.0 = Debug|Any CPU
		{0BAFF0A5-09D9-BF27-387A-EEC6FD9A2C2F}.Release|Any CPU.ActiveCfg = Release|Any CPU
		{0BAFF0A5-09D9-BF27-387A-EEC6FD9A2C2F}.Release|Any CPU.Build.0 = Release|Any CPU
		{2902B2A0-49CE-B8EA-54D0-CBEA0D73CB4F}.Debug|Any CPU.ActiveCfg = Debug|Any CPU
		{2902B2A0-49CE-B8EA-54D0-CBEA0D73CB4F}.Debug|Any CPU.Build.0 = Debug|Any CPU
		{2902B2A0-49CE-B8EA-54D0-CBEA0D73CB4F}.Release|Any CPU.ActiveCfg = Release|Any CPU
		{2902B2A0-49CE-B8EA-54D0-CBEA0D73CB4F}.Release|Any CPU.Build.0 = Release|Any CPU
	EndGlobalSection
	GlobalSection(SolutionProperties) = preSolution
		HideSolutionNode = FALSE
	EndGlobalSection
EndGlobal
